
Microsoft Visual Studio Solution File, Format Version 12.00
# Visual Studio Version 16
VisualStudioVersion = 16.0.30218.91
MinimumVisualStudioVersion = 15.0.26124.0
Project("{2150E333-8FDC-42A3-9474-1A3956D46DE8}") = "Solution Items", "Solution Items", "{A4AD5EEF-93E4-4F32-B5C3-EE785B3EA997}"
	ProjectSection(SolutionItems) = preProject
		.editorconfig = .editorconfig
		.gitattributes = .gitattributes
		.gitignore = .gitignore
		.gitmodules = .gitmodules
		AllRules.ruleset = AllRules.ruleset
		Directory.Build.props = Directory.Build.props
		Directory.Build.targets = Directory.Build.targets
		Directory.Meta.props = Directory.Meta.props
		Directory.Version.props = Directory.Version.props
		LICENSE = LICENSE
	EndProjectSection
EndProject
Project("{2150E333-8FDC-42A3-9474-1A3956D46DE8}") = "src", "src", "{8E08C8F3-15BA-4FC6-B667-3D7A64C63ACC}"
EndProject
Project("{FAE04EC0-301F-11D3-BF4B-00C04F79EFBC}") = "THNETII.CdnJs.ApiClient", "src\THNETII.CdnJs.ApiClient\THNETII.CdnJs.ApiClient.csproj", "{8718F06C-1BFF-4C20-B414-4A29E058DC95}"
EndProject
Project("{FAE04EC0-301F-11D3-BF4B-00C04F79EFBC}") = "THNETII.CdnJs.Bootstrap", "src\THNETII.CdnJs.Bootstrap\THNETII.CdnJs.Bootstrap.csproj", "{92F29834-634A-4A63-9D21-A4FEAF6C48E0}"
EndProject
Project("{FAE04EC0-301F-11D3-BF4B-00C04F79EFBC}") = "THNETII.CdnJs.JQuery", "src\THNETII.CdnJs.JQuery\THNETII.CdnJs.JQuery.csproj", "{A740ADD1-F2C5-4921-BC2A-99103FADBF1B}"
EndProject
Project("{FAE04EC0-301F-11D3-BF4B-00C04F79EFBC}") = "THNETII.CdnJs.JQueryValidate", "src\THNETII.CdnJs.JQueryValidate\THNETII.CdnJs.JQueryValidate.csproj", "{270C30BE-CCEE-403B-9410-A1A086B41E83}"
EndProject
Project("{FAE04EC0-301F-11D3-BF4B-00C04F79EFBC}") = "THNETII.CdnJs.JQueryValidationUnobtrusive", "src\THNETII.CdnJs.JQueryValidationUnobtrusive\THNETII.CdnJs.JQueryValidationUnobtrusive.csproj", "{DEFEFF28-32C7-4F0D-B044-3B94AEB58FA1}"
EndProject
Project("{FAE04EC0-301F-11D3-BF4B-00C04F79EFBC}") = "THNETII.CdnJs.PopperJS", "src\THNETII.CdnJs.PopperJS\THNETII.CdnJs.PopperJS.csproj", "{12ECD7A4-0074-487F-A97B-5F25B612099D}"
EndProject
Project("{2150E333-8FDC-42A3-9474-1A3956D46DE8}") = "dotnet-common", "dotnet-common", "{AA9FD9A9-0094-496A-92FB-ED2CDA60B52E}"
EndProject
Project("{2150E333-8FDC-42A3-9474-1A3956D46DE8}") = "src", "src", "{9F42BA03-1C51-4886-AACD-DB890478585F}"
EndProject
Project("{FAE04EC0-301F-11D3-BF4B-00C04F79EFBC}") = "THNETII.Common", "dotnet-common\src\THNETII.Common\THNETII.Common.csproj", "{4F99BF64-4CAD-435D-86CE-BEC254639918}"
EndProject
Project("{2150E333-8FDC-42A3-9474-1A3956D46DE8}") = "test", "test", "{6E74D6AA-C962-47BB-9FDA-908EBE124839}"
EndProject
Project("{FAE04EC0-301F-11D3-BF4B-00C04F79EFBC}") = "THNETII.CdnJs.Test", "test\THNETII.CdnJs.Test\THNETII.CdnJs.Test.csproj", "{2350BCFE-CCCA-49DD-B43F-E9BDF23A91EE}"
EndProject
Project("{FAE04EC0-301F-11D3-BF4B-00C04F79EFBC}") = "THNETII.TypeConverter", "dotnet-common\src\THNETII.TypeConverter\THNETII.TypeConverter.csproj", "{563D1514-7975-4F33-8FE3-B8F2AC50DD47}"
EndProject
Project("{FAE04EC0-301F-11D3-BF4B-00C04F79EFBC}") = "THNETII.TypeConverter.Serialization", "dotnet-common\src\THNETII.TypeConverter.Serialization\THNETII.TypeConverter.Serialization.csproj", "{D6105AF0-09FD-450C-B2C4-19DA4E11EA24}"
EndProject
Global
	GlobalSection(SolutionConfigurationPlatforms) = preSolution
		Debug|Any CPU = Debug|Any CPU
		Debug|x64 = Debug|x64
		Debug|x86 = Debug|x86
		Release|Any CPU = Release|Any CPU
		Release|x64 = Release|x64
		Release|x86 = Release|x86
	EndGlobalSection
	GlobalSection(SolutionProperties) = preSolution
		HideSolutionNode = FALSE
	EndGlobalSection
	GlobalSection(ExtensibilityGlobals) = postSolution
		SolutionGuid = {4BFACD23-0108-45B2-BCCE-5F92AEBB4F4F}
	EndGlobalSection
	GlobalSection(ProjectConfigurationPlatforms) = postSolution
		{8718F06C-1BFF-4C20-B414-4A29E058DC95}.Debug|Any CPU.ActiveCfg = Debug|Any CPU
		{8718F06C-1BFF-4C20-B414-4A29E058DC95}.Debug|Any CPU.Build.0 = Debug|Any CPU
		{8718F06C-1BFF-4C20-B414-4A29E058DC95}.Debug|x64.ActiveCfg = Debug|Any CPU
		{8718F06C-1BFF-4C20-B414-4A29E058DC95}.Debug|x64.Build.0 = Debug|Any CPU
		{8718F06C-1BFF-4C20-B414-4A29E058DC95}.Debug|x86.ActiveCfg = Debug|Any CPU
		{8718F06C-1BFF-4C20-B414-4A29E058DC95}.Debug|x86.Build.0 = Debug|Any CPU
		{8718F06C-1BFF-4C20-B414-4A29E058DC95}.Release|Any CPU.ActiveCfg = Release|Any CPU
		{8718F06C-1BFF-4C20-B414-4A29E058DC95}.Release|Any CPU.Build.0 = Release|Any CPU
		{8718F06C-1BFF-4C20-B414-4A29E058DC95}.Release|x64.ActiveCfg = Release|Any CPU
		{8718F06C-1BFF-4C20-B414-4A29E058DC95}.Release|x64.Build.0 = Release|Any CPU
		{8718F06C-1BFF-4C20-B414-4A29E058DC95}.Release|x86.ActiveCfg = Release|Any CPU
		{8718F06C-1BFF-4C20-B414-4A29E058DC95}.Release|x86.Build.0 = Release|Any CPU
		{92F29834-634A-4A63-9D21-A4FEAF6C48E0}.Debug|Any CPU.ActiveCfg = Debug|Any CPU
		{92F29834-634A-4A63-9D21-A4FEAF6C48E0}.Debug|Any CPU.Build.0 = Debug|Any CPU
		{92F29834-634A-4A63-9D21-A4FEAF6C48E0}.Debug|x64.ActiveCfg = Debug|Any CPU
		{92F29834-634A-4A63-9D21-A4FEAF6C48E0}.Debug|x64.Build.0 = Debug|Any CPU
		{92F29834-634A-4A63-9D21-A4FEAF6C48E0}.Debug|x86.ActiveCfg = Debug|Any CPU
		{92F29834-634A-4A63-9D21-A4FEAF6C48E0}.Debug|x86.Build.0 = Debug|Any CPU
		{92F29834-634A-4A63-9D21-A4FEAF6C48E0}.Release|Any CPU.ActiveCfg = Release|Any CPU
		{92F29834-634A-4A63-9D21-A4FEAF6C48E0}.Release|Any CPU.Build.0 = Release|Any CPU
		{92F29834-634A-4A63-9D21-A4FEAF6C48E0}.Release|x64.ActiveCfg = Release|Any CPU
		{92F29834-634A-4A63-9D21-A4FEAF6C48E0}.Release|x64.Build.0 = Release|Any CPU
		{92F29834-634A-4A63-9D21-A4FEAF6C48E0}.Release|x86.ActiveCfg = Release|Any CPU
		{92F29834-634A-4A63-9D21-A4FEAF6C48E0}.Release|x86.Build.0 = Release|Any CPU
		{A740ADD1-F2C5-4921-BC2A-99103FADBF1B}.Debug|Any CPU.ActiveCfg = Debug|Any CPU
		{A740ADD1-F2C5-4921-BC2A-99103FADBF1B}.Debug|Any CPU.Build.0 = Debug|Any CPU
		{A740ADD1-F2C5-4921-BC2A-99103FADBF1B}.Debug|x64.ActiveCfg = Debug|Any CPU
		{A740ADD1-F2C5-4921-BC2A-99103FADBF1B}.Debug|x64.Build.0 = Debug|Any CPU
		{A740ADD1-F2C5-4921-BC2A-99103FADBF1B}.Debug|x86.ActiveCfg = Debug|Any CPU
		{A740ADD1-F2C5-4921-BC2A-99103FADBF1B}.Debug|x86.Build.0 = Debug|Any CPU
		{A740ADD1-F2C5-4921-BC2A-99103FADBF1B}.Release|Any CPU.ActiveCfg = Release|Any CPU
		{A740ADD1-F2C5-4921-BC2A-99103FADBF1B}.Release|Any CPU.Build.0 = Release|Any CPU
		{A740ADD1-F2C5-4921-BC2A-99103FADBF1B}.Release|x64.ActiveCfg = Release|Any CPU
		{A740ADD1-F2C5-4921-BC2A-99103FADBF1B}.Release|x64.Build.0 = Release|Any CPU
		{A740ADD1-F2C5-4921-BC2A-99103FADBF1B}.Release|x86.ActiveCfg = Release|Any CPU
		{A740ADD1-F2C5-4921-BC2A-99103FADBF1B}.Release|x86.Build.0 = Release|Any CPU
		{270C30BE-CCEE-403B-9410-A1A086B41E83}.Debug|Any CPU.ActiveCfg = Debug|Any CPU
		{270C30BE-CCEE-403B-9410-A1A086B41E83}.Debug|Any CPU.Build.0 = Debug|Any CPU
		{270C30BE-CCEE-403B-9410-A1A086B41E83}.Debug|x64.ActiveCfg = Debug|Any CPU
		{270C30BE-CCEE-403B-9410-A1A086B41E83}.Debug|x64.Build.0 = Debug|Any CPU
		{270C30BE-CCEE-403B-9410-A1A086B41E83}.Debug|x86.ActiveCfg = Debug|Any CPU
		{270C30BE-CCEE-403B-9410-A1A086B41E83}.Debug|x86.Build.0 = Debug|Any CPU
		{270C30BE-CCEE-403B-9410-A1A086B41E83}.Release|Any CPU.ActiveCfg = Release|Any CPU
		{270C30BE-CCEE-403B-9410-A1A086B41E83}.Release|Any CPU.Build.0 = Release|Any CPU
		{270C30BE-CCEE-403B-9410-A1A086B41E83}.Release|x64.ActiveCfg = Release|Any CPU
		{270C30BE-CCEE-403B-9410-A1A086B41E83}.Release|x64.Build.0 = Release|Any CPU
		{270C30BE-CCEE-403B-9410-A1A086B41E83}.Release|x86.ActiveCfg = Release|Any CPU
		{270C30BE-CCEE-403B-9410-A1A086B41E83}.Release|x86.Build.0 = Release|Any CPU
		{DEFEFF28-32C7-4F0D-B044-3B94AEB58FA1}.Debug|Any CPU.ActiveCfg = Debug|Any CPU
		{DEFEFF28-32C7-4F0D-B044-3B94AEB58FA1}.Debug|Any CPU.Build.0 = Debug|Any CPU
		{DEFEFF28-32C7-4F0D-B044-3B94AEB58FA1}.Debug|x64.ActiveCfg = Debug|Any CPU
		{DEFEFF28-32C7-4F0D-B044-3B94AEB58FA1}.Debug|x64.Build.0 = Debug|Any CPU
		{DEFEFF28-32C7-4F0D-B044-3B94AEB58FA1}.Debug|x86.ActiveCfg = Debug|Any CPU
		{DEFEFF28-32C7-4F0D-B044-3B94AEB58FA1}.Debug|x86.Build.0 = Debug|Any CPU
		{DEFEFF28-32C7-4F0D-B044-3B94AEB58FA1}.Release|Any CPU.ActiveCfg = Release|Any CPU
		{DEFEFF28-32C7-4F0D-B044-3B94AEB58FA1}.Release|Any CPU.Build.0 = Release|Any CPU
		{DEFEFF28-32C7-4F0D-B044-3B94AEB58FA1}.Release|x64.ActiveCfg = Release|Any CPU
		{DEFEFF28-32C7-4F0D-B044-3B94AEB58FA1}.Release|x64.Build.0 = Release|Any CPU
		{DEFEFF28-32C7-4F0D-B044-3B94AEB58FA1}.Release|x86.ActiveCfg = Release|Any CPU
		{DEFEFF28-32C7-4F0D-B044-3B94AEB58FA1}.Release|x86.Build.0 = Release|Any CPU
		{12ECD7A4-0074-487F-A97B-5F25B612099D}.Debug|Any CPU.ActiveCfg = Debug|Any CPU
		{12ECD7A4-0074-487F-A97B-5F25B612099D}.Debug|Any CPU.Build.0 = Debug|Any CPU
		{12ECD7A4-0074-487F-A97B-5F25B612099D}.Debug|x64.ActiveCfg = Debug|Any CPU
		{12ECD7A4-0074-487F-A97B-5F25B612099D}.Debug|x64.Build.0 = Debug|Any CPU
		{12ECD7A4-0074-487F-A97B-5F25B612099D}.Debug|x86.ActiveCfg = Debug|Any CPU
		{12ECD7A4-0074-487F-A97B-5F25B612099D}.Debug|x86.Build.0 = Debug|Any CPU
		{12ECD7A4-0074-487F-A97B-5F25B612099D}.Release|Any CPU.ActiveCfg = Release|Any CPU
		{12ECD7A4-0074-487F-A97B-5F25B612099D}.Release|Any CPU.Build.0 = Release|Any CPU
		{12ECD7A4-0074-487F-A97B-5F25B612099D}.Release|x64.ActiveCfg = Release|Any CPU
		{12ECD7A4-0074-487F-A97B-5F25B612099D}.Release|x64.Build.0 = Release|Any CPU
		{12ECD7A4-0074-487F-A97B-5F25B612099D}.Release|x86.ActiveCfg = Release|Any CPU
		{12ECD7A4-0074-487F-A97B-5F25B612099D}.Release|x86.Build.0 = Release|Any CPU
		{4F99BF64-4CAD-435D-86CE-BEC254639918}.Debug|Any CPU.ActiveCfg = Debug|Any CPU
		{4F99BF64-4CAD-435D-86CE-BEC254639918}.Debug|Any CPU.Build.0 = Debug|Any CPU
		{4F99BF64-4CAD-435D-86CE-BEC254639918}.Debug|x64.ActiveCfg = Debug|Any CPU
		{4F99BF64-4CAD-435D-86CE-BEC254639918}.Debug|x64.Build.0 = Debug|Any CPU
		{4F99BF64-4CAD-435D-86CE-BEC254639918}.Debug|x86.ActiveCfg = Debug|Any CPU
		{4F99BF64-4CAD-435D-86CE-BEC254639918}.Debug|x86.Build.0 = Debug|Any CPU
		{4F99BF64-4CAD-435D-86CE-BEC254639918}.Release|Any CPU.ActiveCfg = Release|Any CPU
		{4F99BF64-4CAD-435D-86CE-BEC254639918}.Release|Any CPU.Build.0 = Release|Any CPU
		{4F99BF64-4CAD-435D-86CE-BEC254639918}.Release|x64.ActiveCfg = Release|Any CPU
		{4F99BF64-4CAD-435D-86CE-BEC254639918}.Release|x64.Build.0 = Release|Any CPU
		{4F99BF64-4CAD-435D-86CE-BEC254639918}.Release|x86.ActiveCfg = Release|Any CPU
		{4F99BF64-4CAD-435D-86CE-BEC254639918}.Release|x86.Build.0 = Release|Any CPU
		{2350BCFE-CCCA-49DD-B43F-E9BDF23A91EE}.Debug|Any CPU.ActiveCfg = Debug|Any CPU
		{2350BCFE-CCCA-49DD-B43F-E9BDF23A91EE}.Debug|Any CPU.Build.0 = Debug|Any CPU
		{2350BCFE-CCCA-49DD-B43F-E9BDF23A91EE}.Debug|x64.ActiveCfg = Debug|Any CPU
		{2350BCFE-CCCA-49DD-B43F-E9BDF23A91EE}.Debug|x64.Build.0 = Debug|Any CPU
		{2350BCFE-CCCA-49DD-B43F-E9BDF23A91EE}.Debug|x86.ActiveCfg = Debug|Any CPU
		{2350BCFE-CCCA-49DD-B43F-E9BDF23A91EE}.Debug|x86.Build.0 = Debug|Any CPU
		{2350BCFE-CCCA-49DD-B43F-E9BDF23A91EE}.Release|Any CPU.ActiveCfg = Release|Any CPU
		{2350BCFE-CCCA-49DD-B43F-E9BDF23A91EE}.Release|Any CPU.Build.0 = Release|Any CPU
		{2350BCFE-CCCA-49DD-B43F-E9BDF23A91EE}.Release|x64.ActiveCfg = Release|Any CPU
		{2350BCFE-CCCA-49DD-B43F-E9BDF23A91EE}.Release|x64.Build.0 = Release|Any CPU
		{2350BCFE-CCCA-49DD-B43F-E9BDF23A91EE}.Release|x86.ActiveCfg = Release|Any CPU
		{2350BCFE-CCCA-49DD-B43F-E9BDF23A91EE}.Release|x86.Build.0 = Release|Any CPU
		{563D1514-7975-4F33-8FE3-B8F2AC50DD47}.Debug|Any CPU.ActiveCfg = Debug|Any CPU
		{563D1514-7975-4F33-8FE3-B8F2AC50DD47}.Debug|Any CPU.Build.0 = Debug|Any CPU
		{563D1514-7975-4F33-8FE3-B8F2AC50DD47}.Debug|x64.ActiveCfg = Debug|Any CPU
		{563D1514-7975-4F33-8FE3-B8F2AC50DD47}.Debug|x64.Build.0 = Debug|Any CPU
		{563D1514-7975-4F33-8FE3-B8F2AC50DD47}.Debug|x86.ActiveCfg = Debug|Any CPU
		{563D1514-7975-4F33-8FE3-B8F2AC50DD47}.Debug|x86.Build.0 = Debug|Any CPU
		{563D1514-7975-4F33-8FE3-B8F2AC50DD47}.Release|Any CPU.ActiveCfg = Release|Any CPU
		{563D1514-7975-4F33-8FE3-B8F2AC50DD47}.Release|Any CPU.Build.0 = Release|Any CPU
		{563D1514-7975-4F33-8FE3-B8F2AC50DD47}.Release|x64.ActiveCfg = Release|Any CPU
		{563D1514-7975-4F33-8FE3-B8F2AC50DD47}.Release|x64.Build.0 = Release|Any CPU
		{563D1514-7975-4F33-8FE3-B8F2AC50DD47}.Release|x86.ActiveCfg = Release|Any CPU
		{563D1514-7975-4F33-8FE3-B8F2AC50DD47}.Release|x86.Build.0 = Release|Any CPU
		{D6105AF0-09FD-450C-B2C4-19DA4E11EA24}.Debug|Any CPU.ActiveCfg = Debug|Any CPU
		{D6105AF0-09FD-450C-B2C4-19DA4E11EA24}.Debug|Any CPU.Build.0 = Debug|Any CPU
		{D6105AF0-09FD-450C-B2C4-19DA4E11EA24}.Debug|x64.ActiveCfg = Debug|Any CPU
		{D6105AF0-09FD-450C-B2C4-19DA4E11EA24}.Debug|x64.Build.0 = Debug|Any CPU
		{D6105AF0-09FD-450C-B2C4-19DA4E11EA24}.Debug|x86.ActiveCfg = Debug|Any CPU
		{D6105AF0-09FD-450C-B2C4-19DA4E11EA24}.Debug|x86.Build.0 = Debug|Any CPU
		{D6105AF0-09FD-450C-B2C4-19DA4E11EA24}.Release|Any CPU.ActiveCfg = Release|Any CPU
		{D6105AF0-09FD-450C-B2C4-19DA4E11EA24}.Release|Any CPU.Build.0 = Release|Any CPU
		{D6105AF0-09FD-450C-B2C4-19DA4E11EA24}.Release|x64.ActiveCfg = Release|Any CPU
		{D6105AF0-09FD-450C-B2C4-19DA4E11EA24}.Release|x64.Build.0 = Release|Any CPU
		{D6105AF0-09FD-450C-B2C4-19DA4E11EA24}.Release|x86.ActiveCfg = Release|Any CPU
		{D6105AF0-09FD-450C-B2C4-19DA4E11EA24}.Release|x86.Build.0 = Release|Any CPU
	EndGlobalSection
	GlobalSection(NestedProjects) = preSolution
		{8718F06C-1BFF-4C20-B414-4A29E058DC95} = {8E08C8F3-15BA-4FC6-B667-3D7A64C63ACC}
		{92F29834-634A-4A63-9D21-A4FEAF6C48E0} = {8E08C8F3-15BA-4FC6-B667-3D7A64C63ACC}
		{A740ADD1-F2C5-4921-BC2A-99103FADBF1B} = {8E08C8F3-15BA-4FC6-B667-3D7A64C63ACC}
		{270C30BE-CCEE-403B-9410-A1A086B41E83} = {8E08C8F3-15BA-4FC6-B667-3D7A64C63ACC}
		{DEFEFF28-32C7-4F0D-B044-3B94AEB58FA1} = {8E08C8F3-15BA-4FC6-B667-3D7A64C63ACC}
		{12ECD7A4-0074-487F-A97B-5F25B612099D} = {8E08C8F3-15BA-4FC6-B667-3D7A64C63ACC}
		{9F42BA03-1C51-4886-AACD-DB890478585F} = {AA9FD9A9-0094-496A-92FB-ED2CDA60B52E}
		{4F99BF64-4CAD-435D-86CE-BEC254639918} = {9F42BA03-1C51-4886-AACD-DB890478585F}
		{2350BCFE-CCCA-49DD-B43F-E9BDF23A91EE} = {6E74D6AA-C962-47BB-9FDA-908EBE124839}
		{563D1514-7975-4F33-8FE3-B8F2AC50DD47} = {9F42BA03-1C51-4886-AACD-DB890478585F}
		{D6105AF0-09FD-450C-B2C4-19DA4E11EA24} = {9F42BA03-1C51-4886-AACD-DB890478585F}
	EndGlobalSection
EndGlobal
